
Microsoft Visual Studio Solution File, Format Version 12.00
# Visual Studio 2013
VisualStudioVersion = 12.0.31101.0
MinimumVisualStudioVersion = 10.0.40219.1
Project("{FAE04EC0-301F-11D3-BF4B-00C04F79EFBC}") = "AppHarbor.TransformTester", "AppHarbor.TransformTester\AppHarbor.TransformTester.csproj", "{8ABFCE9D-669D-42C3-B6F4-24DA052DD239}"
EndProject
Project("{FAE04EC0-301F-11D3-BF4B-00C04F79EFBC}") = "AppHarbor.TransformTester.UnitTest", "AppHarbor.TransformTester.UnitTest\AppHarbor.TransformTester.UnitTest.csproj", "{B9C51963-207D-477E-82DA-949637D71A2B}"
EndProject
Global
	GlobalSection(SolutionConfigurationPlatforms) = preSolution
		Debug|Any CPU = Debug|Any CPU
		Release|Any CPU = Release|Any CPU
	EndGlobalSection
	GlobalSection(ProjectConfigurationPlatforms) = postSolution
		{8ABFCE9D-669D-42C3-B6F4-24DA052DD239}.Debug|Any CPU.ActiveCfg = Debug|Any CPU
		{8ABFCE9D-669D-42C3-B6F4-24DA052DD239}.Debug|Any CPU.Build.0 = Debug|Any CPU
		{8ABFCE9D-669D-42C3-B6F4-24DA052DD239}.Release|Any CPU.ActiveCfg = Release|Any CPU
		{8ABFCE9D-669D-42C3-B6F4-24DA052DD239}.Release|Any CPU.Build.0 = Release|Any CPU
		{B9C51963-207D-477E-82DA-949637D71A2B}.Debug|Any CPU.ActiveCfg = Debug|Any CPU
		{B9C51963-207D-477E-82DA-949637D71A2B}.Debug|Any CPU.Build.0 = Debug|Any CPU
		{B9C51963-207D-477E-82DA-949637D71A2B}.Release|Any CPU.ActiveCfg = Release|Any CPU
		{B9C51963-207D-477E-82DA-949637D71A2B}.Release|Any CPU.Build.0 = Release|Any CPU
	EndGlobalSection
	GlobalSection(SolutionProperties) = preSolution
		HideSolutionNode = FALSE
	EndGlobalSection
EndGlobal
